
Microsoft Visual Studio Solution File, Format Version 12.00
# Visual Studio Version 16
VisualStudioVersion = 16.0.29905.134
MinimumVisualStudioVersion = 10.0.40219.1
Project("{9A19103F-16F7-4668-BE54-9A1E7A4F7556}") = "Elsa.Samples.UserRegistration.Web", "src\Elsa.Samples.UserRegistration.Web\Elsa.Samples.UserRegistration.Web.csproj", "{F687B091-8827-4583-9959-E284D1576CBF}"
EndProject
Project("{2150E333-8FDC-42A3-9474-1A3956D46DE8}") = "solution", "solution", "{DD34F4A2-0B94-4F17-91FE-7A98E7466C77}"
	ProjectSection(SolutionItems) = preProject
		docker-compose.yaml = docker-compose.yaml
		..\..\NuGet.config = ..\..\NuGet.config
		user-registration-workflow.json = user-registration-workflow.json
	EndProjectSection
	ProjectSection(FolderGlobals) = preProject
		D_5_4Project_4demo_4loongle_4elsa-samples_4src_4Elsa_1Samples_1UserRegistration_4user-registration-workflow_1json__JsonSchema = http://json.schemastore.org/asmdef
	EndProjectSection
EndProject
Project("{2150E333-8FDC-42A3-9474-1A3956D46DE8}") = "src", "src", "{DD8F2318-D646-45B6-9FD9-F3E3B7B1058D}"
EndProject
Global
	GlobalSection(SolutionConfigurationPlatforms) = preSolution
		Debug|Any CPU = Debug|Any CPU
		Release|Any CPU = Release|Any CPU
	EndGlobalSection
	GlobalSection(ProjectConfigurationPlatforms) = postSolution
		{F687B091-8827-4583-9959-E284D1576CBF}.Debug|Any CPU.ActiveCfg = Debug|Any CPU
		{F687B091-8827-4583-9959-E284D1576CBF}.Debug|Any CPU.Build.0 = Debug|Any CPU
		{F687B091-8827-4583-9959-E284D1576CBF}.Release|Any CPU.ActiveCfg = Release|Any CPU
		{F687B091-8827-4583-9959-E284D1576CBF}.Release|Any CPU.Build.0 = Release|Any CPU
	EndGlobalSection
	GlobalSection(SolutionProperties) = preSolution
		HideSolutionNode = FALSE
	EndGlobalSection
	GlobalSection(NestedProjects) = preSolution
		{F687B091-8827-4583-9959-E284D1576CBF} = {DD8F2318-D646-45B6-9FD9-F3E3B7B1058D}
	EndGlobalSection
	GlobalSection(ExtensibilityGlobals) = postSolution
		SolutionGuid = {869AFFC2-3AD5-42A6-89A6-922E6CDEDB2B}
	EndGlobalSection
EndGlobal
